{
    "name": "laserfiche-repository-api-client-example",
    "version": "1.0.0",
    "lockfileVersion": 2,
    "requires": true,
    "packages": {
        "": {
            "name": "laserfiche-repository-api-client-example",
            "version": "1.0.0",
            "license": "Apache-2.0",
            "dependencies": {
                "@laserfiche/lf-oauth-api-client": "^1.0.0--preview-2266623532",
                "@laserfiche/lf-repository-api-client": "^1.0.0--preview-2266596845",
                "dotenv": "^16.0.0"
            },
            "devDependencies": {}
        },
        "..": {
            "extraneous": true,
            "dependencies": {
                "jsonwebtoken": "^8.5.1"
            },
            "devDependencies": {
                "@types/jsonwebtoken": "^8.5.6",
                "@types/jwk-to-pem": "^2.0.1"
            }
        },
        "node_modules/@laserfiche/lf-js-utils": {
            "version": "3.0.5",
            "resolved": "https://registry.npmjs.org/@laserfiche/lf-js-utils/-/lf-js-utils-3.0.5.tgz",
            "integrity": "sha512-hOWL0D+aw7xjcXs5B/eu/eJ56jovu4hcsiVeH5i5gDrkLeM9VNK4Gg8e+MEQ8OYuUh0ZjM6t5ulHW2TAX7pv3A=="
        },
        "node_modules/@laserfiche/lf-oauth-api-client": {
            "version": "1.0.0--preview-2266623532",
            "resolved": "https://registry.npmjs.org/@laserfiche/lf-oauth-api-client/-/lf-oauth-api-client-1.0.0--preview-2266623532.tgz",
            "integrity": "sha512-UDoiOxbLdkQBbkL+J6LRtainAztBO3lXzqs+Wqg8zfkdIMqt4KA8RhpIBypRGj1oI5AlcRH9xqgZdZBs+Lb1qg==",
            "dependencies": {
                "dotenv": "^16.0.0",
                "isomorphic-fetch": "^3.0.0",
                "jsrsasign": "^10.5.13",
                "jsrsasign-util": "^1.0.5"
            }
        },
        "node_modules/@laserfiche/lf-repository-api-client": {
            "version": "1.0.0--preview-2266596845",
            "resolved": "https://registry.npmjs.org/@laserfiche/lf-repository-api-client/-/lf-repository-api-client-1.0.0--preview-2266596845.tgz",
            "integrity": "sha512-vjypzVk1L2u0QzC4Nv5iX6pB14DWG9krAwQC59orLQuB7qqLoa9vJn2rPSbS415FOtPWqF4yX9p+PLtPex2DIg==",
            "dependencies": {
                "@laserfiche/lf-js-utils": "^3.0.5"
            }
        },
        "node_modules/dotenv": {
            "version": "16.0.0",
            "resolved": "https://v-dev-tfs/DefaultCollection/_packaging/LFNPMPackages/npm/registry/dotenv/-/dotenv-16.0.0.tgz",
            "integrity": "sha1-xhkAElO+ieu2ONAntgnHXCbkdBE=",
            "license": "BSD-2-Clause",
            "engines": {
                "node": ">=12"
            }
        },
        "node_modules/isomorphic-fetch": {
            "version": "3.0.0",
            "resolved": "https://registry.npmjs.org/isomorphic-fetch/-/isomorphic-fetch-3.0.0.tgz",
            "integrity": "sha512-qvUtwJ3j6qwsF3jLxkZ72qCgjMysPzDfeV240JHiGZsANBYd+EEuu35v7dfrJ9Up0Ak07D7GGSkGhCHTqg/5wA==",
            "dependencies": {
                "node-fetch": "^2.6.1",
                "whatwg-fetch": "^3.4.1"
            }
        },
        "node_modules/jsonc-parser": {
            "version": "3.0.0",
            "resolved": "https://registry.npmjs.org/jsonc-parser/-/jsonc-parser-3.0.0.tgz",
            "integrity": "sha512-fQzRfAbIBnR0IQvftw9FJveWiHp72Fg20giDrHz6TdfB12UH/uue0D3hm57UB5KgAVuniLMCaS8P1IMj9NR7cA=="
        },
        "node_modules/jsrsasign": {
            "version": "10.5.20",
            "resolved": "https://registry.npmjs.org/jsrsasign/-/jsrsasign-10.5.20.tgz",
            "integrity": "sha512-YHL6y8o6cnRoxwUY0eGpfvwj0pm9o0NToD4KXVp2UJC19oXSR2RgnSdSMplIRRKFovLAJGrAHqdb5MMznnhQDQ==",
            "funding": {
                "url": "https://github.com/kjur/jsrsasign#donations"
            }
        },
        "node_modules/jsrsasign-util": {
            "version": "1.0.5",
            "resolved": "https://registry.npmjs.org/jsrsasign-util/-/jsrsasign-util-1.0.5.tgz",
            "integrity": "sha512-e5Kp8aaT5GH2c5X8j4uaJruYmT4GcnaGb47nw8m60YqPywtnOtTISZ9hZgtZ3a+jh7B27bU2LCf3Y32wZyfhtQ==",
            "dependencies": {
                "jsonc-parser": ">= 0.0.1",
                "jsrsasign": ">= 4.8.2"
            }
        },
        "node_modules/node-fetch": {
            "version": "2.6.7",
            "resolved": "https://registry.npmjs.org/node-fetch/-/node-fetch-2.6.7.tgz",
            "integrity": "sha512-ZjMPFEfVx5j+y2yF35Kzx5sF7kDzxuDj6ziH4FFbOp87zKDZNx8yExJIb05OGF4Nlt9IHFIMBkRl41VdvcNdbQ==",
            "dependencies": {
                "whatwg-url": "^5.0.0"
            },
            "engines": {
                "node": "4.x || >=6.0.0"
            },
            "peerDependencies": {
                "encoding": "^0.1.0"
            },
            "peerDependenciesMeta": {
                "encoding": {
                    "optional": true
                }
            }
        },
        "node_modules/tr46": {
            "version": "0.0.3",
            "resolved": "https://registry.npmjs.org/tr46/-/tr46-0.0.3.tgz",
            "integrity": "sha1-gYT9NH2snNwYWZLzpmIuFLnZq2o="
        },
        "node_modules/webidl-conversions": {
            "version": "3.0.1",
            "resolved": "https://registry.npmjs.org/webidl-conversions/-/webidl-conversions-3.0.1.tgz",
            "integrity": "sha1-JFNCdeKnvGvnvIZhHMFq4KVlSHE="
        },
        "node_modules/whatwg-fetch": {
            "version": "3.6.2",
            "resolved": "https://registry.npmjs.org/whatwg-fetch/-/whatwg-fetch-3.6.2.tgz",
            "integrity": "sha512-bJlen0FcuU/0EMLrdbJ7zOnW6ITZLrZMIarMUVmdKtsGvZna8vxKYaexICWPfZ8qwf9fzNq+UEIZrnSaApt6RA=="
        },
        "node_modules/whatwg-url": {
            "version": "5.0.0",
            "resolved": "https://registry.npmjs.org/whatwg-url/-/whatwg-url-5.0.0.tgz",
            "integrity": "sha1-lmRU6HZUYuN2RNNib2dCzotwll0=",
            "dependencies": {
                "tr46": "~0.0.3",
                "webidl-conversions": "^3.0.0"
            }
        }
    },
    "dependencies": {
        "@laserfiche/lf-js-utils": {
            "version": "3.0.5",
            "resolved": "https://registry.npmjs.org/@laserfiche/lf-js-utils/-/lf-js-utils-3.0.5.tgz",
            "integrity": "sha512-hOWL0D+aw7xjcXs5B/eu/eJ56jovu4hcsiVeH5i5gDrkLeM9VNK4Gg8e+MEQ8OYuUh0ZjM6t5ulHW2TAX7pv3A=="
        },
        "@laserfiche/lf-oauth-api-client": {
            "version": "1.0.0--preview-2266623532",
            "resolved": "https://registry.npmjs.org/@laserfiche/lf-oauth-api-client/-/lf-oauth-api-client-1.0.0--preview-2266623532.tgz",
            "integrity": "sha512-UDoiOxbLdkQBbkL+J6LRtainAztBO3lXzqs+Wqg8zfkdIMqt4KA8RhpIBypRGj1oI5AlcRH9xqgZdZBs+Lb1qg==",
            "requires": {
                "dotenv": "^16.0.0",
                "isomorphic-fetch": "^3.0.0",
                "jsrsasign": "^10.5.13",
                "jsrsasign-util": "^1.0.5"
            }
        },
        "@laserfiche/lf-repository-api-client": {
            "version": "1.0.0--preview-2266596845",
            "resolved": "https://registry.npmjs.org/@laserfiche/lf-repository-api-client/-/lf-repository-api-client-1.0.0--preview-2266596845.tgz",
            "integrity": "sha512-vjypzVk1L2u0QzC4Nv5iX6pB14DWG9krAwQC59orLQuB7qqLoa9vJn2rPSbS415FOtPWqF4yX9p+PLtPex2DIg==",
            "requires": {
                "@laserfiche/lf-js-utils": "^3.0.5"
            }
        },
        "dotenv": {
            "version": "16.0.0",
            "resolved": "https://v-dev-tfs/DefaultCollection/_packaging/LFNPMPackages/npm/registry/dotenv/-/dotenv-16.0.0.tgz",
            "integrity": "sha1-xhkAElO+ieu2ONAntgnHXCbkdBE="
        },
        "isomorphic-fetch": {
            "version": "3.0.0",
            "resolved": "https://registry.npmjs.org/isomorphic-fetch/-/isomorphic-fetch-3.0.0.tgz",
            "integrity": "sha512-qvUtwJ3j6qwsF3jLxkZ72qCgjMysPzDfeV240JHiGZsANBYd+EEuu35v7dfrJ9Up0Ak07D7GGSkGhCHTqg/5wA==",
            "requires": {
                "node-fetch": "^2.6.1",
                "whatwg-fetch": "^3.4.1"
            }
        },
        "jsonc-parser": {
            "version": "3.0.0",
            "resolved": "https://registry.npmjs.org/jsonc-parser/-/jsonc-parser-3.0.0.tgz",
            "integrity": "sha512-fQzRfAbIBnR0IQvftw9FJveWiHp72Fg20giDrHz6TdfB12UH/uue0D3hm57UB5KgAVuniLMCaS8P1IMj9NR7cA=="
        },
        "jsrsasign": {
            "version": "10.5.20",
            "resolved": "https://registry.npmjs.org/jsrsasign/-/jsrsasign-10.5.20.tgz",
            "integrity": "sha512-YHL6y8o6cnRoxwUY0eGpfvwj0pm9o0NToD4KXVp2UJC19oXSR2RgnSdSMplIRRKFovLAJGrAHqdb5MMznnhQDQ=="
        },
        "jsrsasign-util": {
            "version": "1.0.5",
            "resolved": "https://registry.npmjs.org/jsrsasign-util/-/jsrsasign-util-1.0.5.tgz",
            "integrity": "sha512-e5Kp8aaT5GH2c5X8j4uaJruYmT4GcnaGb47nw8m60YqPywtnOtTISZ9hZgtZ3a+jh7B27bU2LCf3Y32wZyfhtQ==",
            "requires": {
                "jsonc-parser": ">= 0.0.1",
                "jsrsasign": ">= 4.8.2"
            }
        },
        "node-fetch": {
            "version": "2.6.7",
            "resolved": "https://registry.npmjs.org/node-fetch/-/node-fetch-2.6.7.tgz",
            "integrity": "sha512-ZjMPFEfVx5j+y2yF35Kzx5sF7kDzxuDj6ziH4FFbOp87zKDZNx8yExJIb05OGF4Nlt9IHFIMBkRl41VdvcNdbQ==",
            "requires": {
                "whatwg-url": "^5.0.0"
            }
        },
        "tr46": {
            "version": "0.0.3",
            "resolved": "https://registry.npmjs.org/tr46/-/tr46-0.0.3.tgz",
            "integrity": "sha1-gYT9NH2snNwYWZLzpmIuFLnZq2o="
        },
        "webidl-conversions": {
            "version": "3.0.1",
            "resolved": "https://registry.npmjs.org/webidl-conversions/-/webidl-conversions-3.0.1.tgz",
            "integrity": "sha1-JFNCdeKnvGvnvIZhHMFq4KVlSHE="
        },
        "whatwg-fetch": {
            "version": "3.6.2",
            "resolved": "https://registry.npmjs.org/whatwg-fetch/-/whatwg-fetch-3.6.2.tgz",
            "integrity": "sha512-bJlen0FcuU/0EMLrdbJ7zOnW6ITZLrZMIarMUVmdKtsGvZna8vxKYaexICWPfZ8qwf9fzNq+UEIZrnSaApt6RA=="
        },
        "whatwg-url": {
            "version": "5.0.0",
            "resolved": "https://registry.npmjs.org/whatwg-url/-/whatwg-url-5.0.0.tgz",
            "integrity": "sha1-lmRU6HZUYuN2RNNib2dCzotwll0=",
            "requires": {
                "tr46": "~0.0.3",
                "webidl-conversions": "^3.0.0"
            }
        }
    }
}
